
Microsoft Visual Studio Solution File, Format Version 12.00
# Visual Studio 15
VisualStudioVersion = 15.0.28307.572
MinimumVisualStudioVersion = 10.0.40219.1
Project("{FAE04EC0-301F-11D3-BF4B-00C04F79EFBC}") = "SinalSmartCli", "SinalSmartCli\SinalSmartCli.csproj", "{311F0D41-207C-421E-9ADB-F89E2117522C}"
EndProject
Global
	GlobalSection(SolutionConfigurationPlatforms) = preSolution
		Debug|Any CPU = Debug|Any CPU
		Release|Any CPU = Release|Any CPU
	EndGlobalSection
	GlobalSection(ProjectConfigurationPlatforms) = postSolution
		{311F0D41-207C-421E-9ADB-F89E2117522C}.Debug|Any CPU.ActiveCfg = Debug|Any CPU
		{311F0D41-207C-421E-9ADB-F89E2117522C}.Debug|Any CPU.Build.0 = Debug|Any CPU
		{311F0D41-207C-421E-9ADB-F89E2117522C}.Release|Any CPU.ActiveCfg = Release|Any CPU
		{311F0D41-207C-421E-9ADB-F89E2117522C}.Release|Any CPU.Build.0 = Release|Any CPU
	EndGlobalSection
	GlobalSection(SolutionProperties) = preSolution
		HideSolutionNode = FALSE
	EndGlobalSection
	GlobalSection(ExtensibilityGlobals) = postSolution
		SolutionGuid = {15EF96B2-03A5-4BD9-AF98-D6E8C73F892D}
	EndGlobalSection
EndGlobal
